
Microsoft Visual Studio Solution File, Format Version 12.00
# Visual Studio Version 16
VisualStudioVersion = 16.0.31205.134
MinimumVisualStudioVersion = 10.0.40219.1
Project("{FAE04EC0-301F-11D3-BF4B-00C04F79EFBC}") = "maghaze shokofe", "maghaze shokofe.csproj", "{EC03DB59-03A2-4148-AE1F-37D62052029F}"
EndProject
Global
	GlobalSection(SolutionConfigurationPlatforms) = preSolution
		Debug|Any CPU = Debug|Any CPU
		Release|Any CPU = Release|Any CPU
	EndGlobalSection
	GlobalSection(ProjectConfigurationPlatforms) = postSolution
		{EC03DB59-03A2-4148-AE1F-37D62052029F}.Debug|Any CPU.ActiveCfg = Debug|Any CPU
		{EC03DB59-03A2-4148-AE1F-37D62052029F}.Debug|Any CPU.Build.0 = Debug|Any CPU
		{EC03DB59-03A2-4148-AE1F-37D62052029F}.Release|Any CPU.ActiveCfg = Release|Any CPU
		{EC03DB59-03A2-4148-AE1F-37D62052029F}.Release|Any CPU.Build.0 = Release|Any CPU
	EndGlobalSection
	GlobalSection(SolutionProperties) = preSolution
		HideSolutionNode = FALSE
	EndGlobalSection
	GlobalSection(ExtensibilityGlobals) = postSolution
		SolutionGuid = {29EFADC8-F4C3-4A71-8A3D-561793086BE9}
	EndGlobalSection
EndGlobal
